// !$*UTF8*$!
{
	archiveVersion = 1;
	classes = {
	};
	objectVersion = 50;
	objects = {

/* Begin PBXBuildFile section */
		800021CE246946F7009EFBB5 /* AppDelegate.swift in Sources */ = {isa = PBXBuildFile; fileRef = 800021CD246946F7009EFBB5 /* AppDelegate.swift */; };
		800021D2246946F7009EFBB5 /* ViewController.swift in Sources */ = {isa = PBXBuildFile; fileRef = 800021D1246946F7009EFBB5 /* ViewController.swift */; };
		800021D7246946FC009EFBB5 /* Assets.xcassets in Resources */ = {isa = PBXBuildFile; fileRef = 800021D6246946FC009EFBB5 /* Assets.xcassets */; };
		800021DA246946FC009EFBB5 /* LaunchScreen.storyboard in Resources */ = {isa = PBXBuildFile; fileRef = 800021D8246946FC009EFBB5 /* LaunchScreen.storyboard */; };
		800021E5246946FD009EFBB5 /* TelstraTests.swift in Sources */ = {isa = PBXBuildFile; fileRef = 800021E4246946FD009EFBB5 /* TelstraTests.swift */; };
		800021F0246946FD009EFBB5 /* TelstraUITests.swift in Sources */ = {isa = PBXBuildFile; fileRef = 800021EF246946FD009EFBB5 /* TelstraUITests.swift */; };
		80002201246A468F009EFBB5 /* Country.swift in Sources */ = {isa = PBXBuildFile; fileRef = 80002200246A468F009EFBB5 /* Country.swift */; };
		80002215246A49B2009EFBB5 /* CountryAPI.swift in Sources */ = {isa = PBXBuildFile; fileRef = 80002205246A49B2009EFBB5 /* CountryAPI.swift */; };
		80002216246A49B2009EFBB5 /* EndPointType.swift in Sources */ = {isa = PBXBuildFile; fileRef = 80002206246A49B2009EFBB5 /* EndPointType.swift */; };
		80002217246A49B2009EFBB5 /* NetworkRouter.swift in Sources */ = {isa = PBXBuildFile; fileRef = 80002208246A49B2009EFBB5 /* NetworkRouter.swift */; };
		80002218246A49B2009EFBB5 /* Router.swift in Sources */ = {isa = PBXBuildFile; fileRef = 80002209246A49B2009EFBB5 /* Router.swift */; };
		80002219246A49B2009EFBB5 /* HTTPTask.swift in Sources */ = {isa = PBXBuildFile; fileRef = 8000220B246A49B2009EFBB5 /* HTTPTask.swift */; };
		8000221A246A49B2009EFBB5 /* HTTPParameterEncoder.swift in Sources */ = {isa = PBXBuildFile; fileRef = 8000220C246A49B2009EFBB5 /* HTTPParameterEncoder.swift */; };
		8000221B246A49B2009EFBB5 /* HTTPMethod.swift in Sources */ = {isa = PBXBuildFile; fileRef = 8000220D246A49B2009EFBB5 /* HTTPMethod.swift */; };
		8000221C246A49B3009EFBB5 /* HTTPURLParameterEncoder.swift in Sources */ = {isa = PBXBuildFile; fileRef = 8000220E246A49B2009EFBB5 /* HTTPURLParameterEncoder.swift */; };
		8000221D246A49B3009EFBB5 /* NetworkHandler.swift in Sources */ = {isa = PBXBuildFile; fileRef = 80002210246A49B2009EFBB5 /* NetworkHandler.swift */; };
		8000221E246A49B3009EFBB5 /* NetworkReachability.swift in Sources */ = {isa = PBXBuildFile; fileRef = 80002212246A49B2009EFBB5 /* NetworkReachability.swift */; };
		8000221F246A49B3009EFBB5 /* CountryService.swift in Sources */ = {isa = PBXBuildFile; fileRef = 80002214246A49B2009EFBB5 /* CountryService.swift */; };
		80002221246A53E2009EFBB5 /* AppConstants.swift in Sources */ = {isa = PBXBuildFile; fileRef = 80002220246A53E2009EFBB5 /* AppConstants.swift */; };
		80002224246A5FF5009EFBB5 /* CountryViewModel.swift in Sources */ = {isa = PBXBuildFile; fileRef = 80002223246A5FF5009EFBB5 /* CountryViewModel.swift */; };
		80002228246A9E86009EFBB5 /* FactCell.swift in Sources */ = {isa = PBXBuildFile; fileRef = 80002227246A9E85009EFBB5 /* FactCell.swift */; };
		8000222C246AC923009EFBB5 /* AlertService.swift in Sources */ = {isa = PBXBuildFile; fileRef = 8000222B246AC923009EFBB5 /* AlertService.swift */; };
		8000222F246AEC5C009EFBB5 /* SceneDelegate.swift in Sources */ = {isa = PBXBuildFile; fileRef = 8000222E246AEC5C009EFBB5 /* SceneDelegate.swift */; };
		80002231246AEFCC009EFBB5 /* FactViewModel.swift in Sources */ = {isa = PBXBuildFile; fileRef = 80002230246AEFCC009EFBB5 /* FactViewModel.swift */; };
		80002233246AF11A009EFBB5 /* ImageService.swift in Sources */ = {isa = PBXBuildFile; fileRef = 80002232246AF11A009EFBB5 /* ImageService.swift */; };
/* End PBXBuildFile section */

/* Begin PBXContainerItemProxy section */
		800021E1246946FC009EFBB5 /* PBXContainerItemProxy */ = {
			isa = PBXContainerItemProxy;
			containerPortal = 800021C2246946F7009EFBB5 /* Project object */;
			proxyType = 1;
			remoteGlobalIDString = 800021C9246946F7009EFBB5;
			remoteInfo = Telstra;
		};
		800021EC246946FD009EFBB5 /* PBXContainerItemProxy */ = {
			isa = PBXContainerItemProxy;
			containerPortal = 800021C2246946F7009EFBB5 /* Project object */;
			proxyType = 1;
			remoteGlobalIDString = 800021C9246946F7009EFBB5;
			remoteInfo = Telstra;
		};
/* End PBXContainerItemProxy section */

/* Begin PBXFileReference section */
		800021CA246946F7009EFBB5 /* Telstra.app */ = {isa = PBXFileReference; explicitFileType = wrapper.application; includeInIndex = 0; path = Telstra.app; sourceTree = BUILT_PRODUCTS_DIR; };
		800021CD246946F7009EFBB5 /* AppDelegate.swift */ = {isa = PBXFileReference; lastKnownFileType = sourcecode.swift; path = AppDelegate.swift; sourceTree = "<group>"; };
		800021D1246946F7009EFBB5 /* ViewController.swift */ = {isa = PBXFileReference; lastKnownFileType = sourcecode.swift; path = ViewController.swift; sourceTree = "<group>"; };
		800021D6246946FC009EFBB5 /* Assets.xcassets */ = {isa = PBXFileReference; lastKnownFileType = folder.assetcatalog; path = Assets.xcassets; sourceTree = "<group>"; };
		800021D9246946FC009EFBB5 /* Base */ = {isa = PBXFileReference; lastKnownFileType = file.storyboard; name = Base; path = Base.lproj/LaunchScreen.storyboard; sourceTree = "<group>"; };
		800021DB246946FC009EFBB5 /* Info.plist */ = {isa = PBXFileReference; lastKnownFileType = text.plist.xml; path = Info.plist; sourceTree = "<group>"; };
		800021E0246946FC009EFBB5 /* TelstraTests.xctest */ = {isa = PBXFileReference; explicitFileType = wrapper.cfbundle; includeInIndex = 0; path = TelstraTests.xctest; sourceTree = BUILT_PRODUCTS_DIR; };
		800021E4246946FD009EFBB5 /* TelstraTests.swift */ = {isa = PBXFileReference; lastKnownFileType = sourcecode.swift; path = TelstraTests.swift; sourceTree = "<group>"; };
		800021E6246946FD009EFBB5 /* Info.plist */ = {isa = PBXFileReference; lastKnownFileType = text.plist.xml; path = Info.plist; sourceTree = "<group>"; };
		800021EB246946FD009EFBB5 /* TelstraUITests.xctest */ = {isa = PBXFileReference; explicitFileType = wrapper.cfbundle; includeInIndex = 0; path = TelstraUITests.xctest; sourceTree = BUILT_PRODUCTS_DIR; };
		800021EF246946FD009EFBB5 /* TelstraUITests.swift */ = {isa = PBXFileReference; lastKnownFileType = sourcecode.swift; path = TelstraUITests.swift; sourceTree = "<group>"; };
		800021F1246946FD009EFBB5 /* Info.plist */ = {isa = PBXFileReference; lastKnownFileType = text.plist.xml; path = Info.plist; sourceTree = "<group>"; };
		80002200246A468F009EFBB5 /* Country.swift */ = {isa = PBXFileReference; lastKnownFileType = sourcecode.swift; path = Country.swift; sourceTree = "<group>"; };
		80002205246A49B2009EFBB5 /* CountryAPI.swift */ = {isa = PBXFileReference; fileEncoding = 4; lastKnownFileType = sourcecode.swift; path = CountryAPI.swift; sourceTree = "<group>"; };
		80002206246A49B2009EFBB5 /* EndPointType.swift */ = {isa = PBXFileReference; fileEncoding = 4; lastKnownFileType = sourcecode.swift; path = EndPointType.swift; sourceTree = "<group>"; };
		80002208246A49B2009EFBB5 /* NetworkRouter.swift */ = {isa = PBXFileReference; fileEncoding = 4; lastKnownFileType = sourcecode.swift; path = NetworkRouter.swift; sourceTree = "<group>"; };
		80002209246A49B2009EFBB5 /* Router.swift */ = {isa = PBXFileReference; fileEncoding = 4; lastKnownFileType = sourcecode.swift; path = Router.swift; sourceTree = "<group>"; };
		8000220B246A49B2009EFBB5 /* HTTPTask.swift */ = {isa = PBXFileReference; fileEncoding = 4; lastKnownFileType = sourcecode.swift; path = HTTPTask.swift; sourceTree = "<group>"; };
		8000220C246A49B2009EFBB5 /* HTTPParameterEncoder.swift */ = {isa = PBXFileReference; fileEncoding = 4; lastKnownFileType = sourcecode.swift; path = HTTPParameterEncoder.swift; sourceTree = "<group>"; };
		8000220D246A49B2009EFBB5 /* HTTPMethod.swift */ = {isa = PBXFileReference; fileEncoding = 4; lastKnownFileType = sourcecode.swift; path = HTTPMethod.swift; sourceTree = "<group>"; };
		8000220E246A49B2009EFBB5 /* HTTPURLParameterEncoder.swift */ = {isa = PBXFileReference; fileEncoding = 4; lastKnownFileType = sourcecode.swift; path = HTTPURLParameterEncoder.swift; sourceTree = "<group>"; };
		80002210246A49B2009EFBB5 /* NetworkHandler.swift */ = {isa = PBXFileReference; fileEncoding = 4; lastKnownFileType = sourcecode.swift; path = NetworkHandler.swift; sourceTree = "<group>"; };
		80002212246A49B2009EFBB5 /* NetworkReachability.swift */ = {isa = PBXFileReference; fileEncoding = 4; lastKnownFileType = sourcecode.swift; path = NetworkReachability.swift; sourceTree = "<group>"; };
		80002214246A49B2009EFBB5 /* CountryService.swift */ = {isa = PBXFileReference; fileEncoding = 4; lastKnownFileType = sourcecode.swift; path = CountryService.swift; sourceTree = "<group>"; };
		80002220246A53E2009EFBB5 /* AppConstants.swift */ = {isa = PBXFileReference; lastKnownFileType = sourcecode.swift; path = AppConstants.swift; sourceTree = "<group>"; };
		80002223246A5FF5009EFBB5 /* CountryViewModel.swift */ = {isa = PBXFileReference; lastKnownFileType = sourcecode.swift; path = CountryViewModel.swift; sourceTree = "<group>"; };
		80002227246A9E85009EFBB5 /* FactCell.swift */ = {isa = PBXFileReference; lastKnownFileType = sourcecode.swift; path = FactCell.swift; sourceTree = "<group>"; };
		8000222B246AC923009EFBB5 /* AlertService.swift */ = {isa = PBXFileReference; lastKnownFileType = sourcecode.swift; path = AlertService.swift; sourceTree = "<group>"; };
		8000222E246AEC5C009EFBB5 /* SceneDelegate.swift */ = {isa = PBXFileReference; fileEncoding = 4; lastKnownFileType = sourcecode.swift; path = SceneDelegate.swift; sourceTree = "<group>"; };
		80002230246AEFCC009EFBB5 /* FactViewModel.swift */ = {isa = PBXFileReference; lastKnownFileType = sourcecode.swift; path = FactViewModel.swift; sourceTree = "<group>"; };
		80002232246AF11A009EFBB5 /* ImageService.swift */ = {isa = PBXFileReference; lastKnownFileType = sourcecode.swift; path = ImageService.swift; sourceTree = "<group>"; };
/* End PBXFileReference section */

/* Begin PBXFrameworksBuildPhase section */
		800021C7246946F7009EFBB5 /* Frameworks */ = {
			isa = PBXFrameworksBuildPhase;
			buildActionMask = 2147483647;
			files = (
			);
			runOnlyForDeploymentPostprocessing = 0;
		};
		800021DD246946FC009EFBB5 /* Frameworks */ = {
			isa = PBXFrameworksBuildPhase;
			buildActionMask = 2147483647;
			files = (
			);
			runOnlyForDeploymentPostprocessing = 0;
		};
		800021E8246946FD009EFBB5 /* Frameworks */ = {
			isa = PBXFrameworksBuildPhase;
			buildActionMask = 2147483647;
			files = (
			);
			runOnlyForDeploymentPostprocessing = 0;
		};
/* End PBXFrameworksBuildPhase section */

/* Begin PBXGroup section */
		800021C1246946F7009EFBB5 = {
			isa = PBXGroup;
			children = (
				800021CC246946F7009EFBB5 /* Telstra */,
				800021E3246946FD009EFBB5 /* TelstraTests */,
				800021EE246946FD009EFBB5 /* TelstraUITests */,
				800021CB246946F7009EFBB5 /* Products */,
			);
			sourceTree = "<group>";
		};
		800021CB246946F7009EFBB5 /* Products */ = {
			isa = PBXGroup;
			children = (
				800021CA246946F7009EFBB5 /* Telstra.app */,
				800021E0246946FC009EFBB5 /* TelstraTests.xctest */,
				800021EB246946FD009EFBB5 /* TelstraUITests.xctest */,
			);
			name = Products;
			sourceTree = "<group>";
		};
		800021CC246946F7009EFBB5 /* Telstra */ = {
			isa = PBXGroup;
			children = (
				800021CD246946F7009EFBB5 /* AppDelegate.swift */,
				8000222E246AEC5C009EFBB5 /* SceneDelegate.swift */,
				80002225246A5FFC009EFBB5 /* Source */,
				80002222246A53EE009EFBB5 /* Common */,
				80002203246A49B2009EFBB5 /* Networking */,
				80002202246A4694009EFBB5 /* Model */,
				8000222D246AC948009EFBB5 /* Utilities */,
				800021D6246946FC009EFBB5 /* Assets.xcassets */,
				800021D8246946FC009EFBB5 /* LaunchScreen.storyboard */,
				800021DB246946FC009EFBB5 /* Info.plist */,
			);
			path = Telstra;
			sourceTree = "<group>";
		};
		800021E3246946FD009EFBB5 /* TelstraTests */ = {
			isa = PBXGroup;
			children = (
				800021E4246946FD009EFBB5 /* TelstraTests.swift */,
				800021E6246946FD009EFBB5 /* Info.plist */,
			);
			path = TelstraTests;
			sourceTree = "<group>";
		};
		800021EE246946FD009EFBB5 /* TelstraUITests */ = {
			isa = PBXGroup;
			children = (
				800021EF246946FD009EFBB5 /* TelstraUITests.swift */,
				800021F1246946FD009EFBB5 /* Info.plist */,
			);
			path = TelstraUITests;
			sourceTree = "<group>";
		};
		80002202246A4694009EFBB5 /* Model */ = {
			isa = PBXGroup;
			children = (
				80002200246A468F009EFBB5 /* Country.swift */,
			);
			path = Model;
			sourceTree = "<group>";
		};
		80002203246A49B2009EFBB5 /* Networking */ = {
			isa = PBXGroup;
			children = (
				80002204246A49B2009EFBB5 /* EndPoints */,
				80002207246A49B2009EFBB5 /* NetworkRouting */,
				8000220A246A49B2009EFBB5 /* HTTPHandlers */,
				8000220F246A49B2009EFBB5 /* NetworkHandler */,
				80002211246A49B2009EFBB5 /* Reachability */,
				80002213246A49B2009EFBB5 /* Services */,
			);
			path = Networking;
			sourceTree = "<group>";
		};
		80002204246A49B2009EFBB5 /* EndPoints */ = {
			isa = PBXGroup;
			children = (
				80002205246A49B2009EFBB5 /* CountryAPI.swift */,
				80002206246A49B2009EFBB5 /* EndPointType.swift */,
			);
			path = EndPoints;
			sourceTree = "<group>";
		};
		80002207246A49B2009EFBB5 /* NetworkRouting */ = {
			isa = PBXGroup;
			children = (
				80002208246A49B2009EFBB5 /* NetworkRouter.swift */,
				80002209246A49B2009EFBB5 /* Router.swift */,
			);
			path = NetworkRouting;
			sourceTree = "<group>";
		};
		8000220A246A49B2009EFBB5 /* HTTPHandlers */ = {
			isa = PBXGroup;
			children = (
				8000220B246A49B2009EFBB5 /* HTTPTask.swift */,
				8000220C246A49B2009EFBB5 /* HTTPParameterEncoder.swift */,
				8000220D246A49B2009EFBB5 /* HTTPMethod.swift */,
				8000220E246A49B2009EFBB5 /* HTTPURLParameterEncoder.swift */,
			);
			path = HTTPHandlers;
			sourceTree = "<group>";
		};
		8000220F246A49B2009EFBB5 /* NetworkHandler */ = {
			isa = PBXGroup;
			children = (
				80002210246A49B2009EFBB5 /* NetworkHandler.swift */,
			);
			path = NetworkHandler;
			sourceTree = "<group>";
		};
		80002211246A49B2009EFBB5 /* Reachability */ = {
			isa = PBXGroup;
			children = (
				80002212246A49B2009EFBB5 /* NetworkReachability.swift */,
			);
			path = Reachability;
			sourceTree = "<group>";
		};
		80002213246A49B2009EFBB5 /* Services */ = {
			isa = PBXGroup;
			children = (
				80002214246A49B2009EFBB5 /* CountryService.swift */,
				80002232246AF11A009EFBB5 /* ImageService.swift */,
			);
			path = Services;
			sourceTree = "<group>";
		};
		80002222246A53EE009EFBB5 /* Common */ = {
			isa = PBXGroup;
			children = (
				80002220246A53E2009EFBB5 /* AppConstants.swift */,
			);
			path = Common;
			sourceTree = "<group>";
		};
		80002225246A5FFC009EFBB5 /* Source */ = {
			isa = PBXGroup;
			children = (
				80002226246A6004009EFBB5 /* Country */,
				80002234246BBA92009EFBB5 /* Fact Cell */,
			);
			path = Source;
			sourceTree = "<group>";
		};
		80002226246A6004009EFBB5 /* Country */ = {
			isa = PBXGroup;
			children = (
				800021D1246946F7009EFBB5 /* ViewController.swift */,
				80002223246A5FF5009EFBB5 /* CountryViewModel.swift */,
			);
			path = Country;
			sourceTree = "<group>";
		};
		8000222D246AC948009EFBB5 /* Utilities */ = {
			isa = PBXGroup;
			children = (
				8000222B246AC923009EFBB5 /* AlertService.swift */,
			);
			path = Utilities;
			sourceTree = "<group>";
		};
		80002234246BBA92009EFBB5 /* Fact Cell */ = {
			isa = PBXGroup;
			children = (
				80002230246AEFCC009EFBB5 /* FactViewModel.swift */,
				80002227246A9E85009EFBB5 /* FactCell.swift */,
			);
			path = "Fact Cell";
			sourceTree = "<group>";
		};
/* End PBXGroup section */

/* Begin PBXNativeTarget section */
		800021C9246946F7009EFBB5 /* Telstra */ = {
			isa = PBXNativeTarget;
			buildConfigurationList = 800021F4246946FD009EFBB5 /* Build configuration list for PBXNativeTarget "Telstra" */;
			buildPhases = (
				800021C6246946F7009EFBB5 /* Sources */,
				800021C7246946F7009EFBB5 /* Frameworks */,
				800021C8246946F7009EFBB5 /* Resources */,
			);
			buildRules = (
			);
			dependencies = (
			);
			name = Telstra;
			productName = Telstra;
			productReference = 800021CA246946F7009EFBB5 /* Telstra.app */;
			productType = "com.apple.product-type.application";
		};
		800021DF246946FC009EFBB5 /* TelstraTests */ = {
			isa = PBXNativeTarget;
			buildConfigurationList = 800021F7246946FD009EFBB5 /* Build configuration list for PBXNativeTarget "TelstraTests" */;
			buildPhases = (
				800021DC246946FC009EFBB5 /* Sources */,
				800021DD246946FC009EFBB5 /* Frameworks */,
				800021DE246946FC009EFBB5 /* Resources */,
			);
			buildRules = (
			);
			dependencies = (
				800021E2246946FC009EFBB5 /* PBXTargetDependency */,
			);
			name = TelstraTests;
			productName = TelstraTests;
			productReference = 800021E0246946FC009EFBB5 /* TelstraTests.xctest */;
			productType = "com.apple.product-type.bundle.unit-test";
		};
		800021EA246946FD009EFBB5 /* TelstraUITests */ = {
			isa = PBXNativeTarget;
			buildConfigurationList = 800021FA246946FD009EFBB5 /* Build configuration list for PBXNativeTarget "TelstraUITests" */;
			buildPhases = (
				800021E7246946FD009EFBB5 /* Sources */,
				800021E8246946FD009EFBB5 /* Frameworks */,
				800021E9246946FD009EFBB5 /* Resources */,
			);
			buildRules = (
			);
			dependencies = (
				800021ED246946FD009EFBB5 /* PBXTargetDependency */,
			);
			name = TelstraUITests;
			productName = TelstraUITests;
			productReference = 800021EB246946FD009EFBB5 /* TelstraUITests.xctest */;
			productType = "com.apple.product-type.bundle.ui-testing";
		};
/* End PBXNativeTarget section */

/* Begin PBXProject section */
		800021C2246946F7009EFBB5 /* Project object */ = {
			isa = PBXProject;
			attributes = {
				LastSwiftUpdateCheck = 1130;
				LastUpgradeCheck = 1130;
				ORGANIZATIONNAME = Cognizant;
				TargetAttributes = {
					800021C9246946F7009EFBB5 = {
						CreatedOnToolsVersion = 11.3.1;
					};
					800021DF246946FC009EFBB5 = {
						CreatedOnToolsVersion = 11.3.1;
						TestTargetID = 800021C9246946F7009EFBB5;
					};
					800021EA246946FD009EFBB5 = {
						CreatedOnToolsVersion = 11.3.1;
						TestTargetID = 800021C9246946F7009EFBB5;
					};
				};
			};
			buildConfigurationList = 800021C5246946F7009EFBB5 /* Build configuration list for PBXProject "Telstra" */;
			compatibilityVersion = "Xcode 9.3";
			developmentRegion = en;
			hasScannedForEncodings = 0;
			knownRegions = (
				en,
				Base,
			);
			mainGroup = 800021C1246946F7009EFBB5;
			productRefGroup = 800021CB246946F7009EFBB5 /* Products */;
			projectDirPath = "";
			projectRoot = "";
			targets = (
				800021C9246946F7009EFBB5 /* Telstra */,
				800021DF246946FC009EFBB5 /* TelstraTests */,
				800021EA246946FD009EFBB5 /* TelstraUITests */,
			);
		};
/* End PBXProject section */

/* Begin PBXResourcesBuildPhase section */
		800021C8246946F7009EFBB5 /* Resources */ = {
			isa = PBXResourcesBuildPhase;
			buildActionMask = 2147483647;
			files = (
				800021DA246946FC009EFBB5 /* LaunchScreen.storyboard in Resources */,
				800021D7246946FC009EFBB5 /* Assets.xcassets in Resources */,
			);
			runOnlyForDeploymentPostprocessing = 0;
		};
		800021DE246946FC009EFBB5 /* Resources */ = {
			isa = PBXResourcesBuildPhase;
			buildActionMask = 2147483647;
			files = (
			);
			runOnlyForDeploymentPostprocessing = 0;
		};
		800021E9246946FD009EFBB5 /* Resources */ = {
			isa = PBXResourcesBuildPhase;
			buildActionMask = 2147483647;
			files = (
			);
			runOnlyForDeploymentPostprocessing = 0;
		};
/* End PBXResourcesBuildPhase section */

/* Begin PBXSourcesBuildPhase section */
		800021C6246946F7009EFBB5 /* Sources */ = {
			isa = PBXSourcesBuildPhase;
			buildActionMask = 2147483647;
			files = (
				8000221C246A49B3009EFBB5 /* HTTPURLParameterEncoder.swift in Sources */,
				80002218246A49B2009EFBB5 /* Router.swift in Sources */,
				80002201246A468F009EFBB5 /* Country.swift in Sources */,
				8000221A246A49B2009EFBB5 /* HTTPParameterEncoder.swift in Sources */,
				8000221B246A49B2009EFBB5 /* HTTPMethod.swift in Sources */,
				800021D2246946F7009EFBB5 /* ViewController.swift in Sources */,
				80002219246A49B2009EFBB5 /* HTTPTask.swift in Sources */,
				80002228246A9E86009EFBB5 /* FactCell.swift in Sources */,
				80002231246AEFCC009EFBB5 /* FactViewModel.swift in Sources */,
				80002224246A5FF5009EFBB5 /* CountryViewModel.swift in Sources */,
				80002216246A49B2009EFBB5 /* EndPointType.swift in Sources */,
				8000221D246A49B3009EFBB5 /* NetworkHandler.swift in Sources */,
				8000221F246A49B3009EFBB5 /* CountryService.swift in Sources */,
				8000222C246AC923009EFBB5 /* AlertService.swift in Sources */,
				8000221E246A49B3009EFBB5 /* NetworkReachability.swift in Sources */,
				80002221246A53E2009EFBB5 /* AppConstants.swift in Sources */,
				800021CE246946F7009EFBB5 /* AppDelegate.swift in Sources */,
				8000222F246AEC5C009EFBB5 /* SceneDelegate.swift in Sources */,
				80002215246A49B2009EFBB5 /* CountryAPI.swift in Sources */,
				80002217246A49B2009EFBB5 /* NetworkRouter.swift in Sources */,
				80002233246AF11A009EFBB5 /* ImageService.swift in Sources */,
			);
			runOnlyForDeploymentPostprocessing = 0;
		};
		800021DC246946FC009EFBB5 /* Sources */ = {
			isa = PBXSourcesBuildPhase;
			buildActionMask = 2147483647;
			files = (
				800021E5246946FD009EFBB5 /* TelstraTests.swift in Sources */,
			);
			runOnlyForDeploymentPostprocessing = 0;
		};
		800021E7246946FD009EFBB5 /* Sources */ = {
			isa = PBXSourcesBuildPhase;
			buildActionMask = 2147483647;
			files = (
				800021F0246946FD009EFBB5 /* TelstraUITests.swift in Sources */,
			);
			runOnlyForDeploymentPostprocessing = 0;
		};
/* End PBXSourcesBuildPhase section */

/* Begin PBXTargetDependency section */
		800021E2246946FC009EFBB5 /* PBXTargetDependency */ = {
			isa = PBXTargetDependency;
			target = 800021C9246946F7009EFBB5 /* Telstra */;
			targetProxy = 800021E1246946FC009EFBB5 /* PBXContainerItemProxy */;
		};
		800021ED246946FD009EFBB5 /* PBXTargetDependency */ = {
			isa = PBXTargetDependency;
			target = 800021C9246946F7009EFBB5 /* Telstra */;
			targetProxy = 800021EC246946FD009EFBB5 /* PBXContainerItemProxy */;
		};
/* End PBXTargetDependency section */

/* Begin PBXVariantGroup section */
		800021D8246946FC009EFBB5 /* LaunchScreen.storyboard */ = {
			isa = PBXVariantGroup;
			children = (
				800021D9246946FC009EFBB5 /* Base */,
			);
			name = LaunchScreen.storyboard;
			sourceTree = "<group>";
		};
/* End PBXVariantGroup section */

/* Begin XCBuildConfiguration section */
		800021F2246946FD009EFBB5 /* Debug */ = {
			isa = XCBuildConfiguration;
			buildSettings = {
				ALWAYS_SEARCH_USER_PATHS = NO;
				CLANG_ANALYZER_NONNULL = YES;
				CLANG_ANALYZER_NUMBER_OBJECT_CONVERSION = YES_AGGRESSIVE;
				CLANG_CXX_LANGUAGE_STANDARD = "gnu++14";
				CLANG_CXX_LIBRARY = "libc++";
				CLANG_ENABLE_MODULES = YES;
				CLANG_ENABLE_OBJC_ARC = YES;
				CLANG_ENABLE_OBJC_WEAK = YES;
				CLANG_WARN_BLOCK_CAPTURE_AUTORELEASING = YES;
				CLANG_WARN_BOOL_CONVERSION = YES;
				CLANG_WARN_COMMA = YES;
				CLANG_WARN_CONSTANT_CONVERSION = YES;
				CLANG_WARN_DEPRECATED_OBJC_IMPLEMENTATIONS = YES;
				CLANG_WARN_DIRECT_OBJC_ISA_USAGE = YES_ERROR;
				CLANG_WARN_DOCUMENTATION_COMMENTS = YES;
				CLANG_WARN_EMPTY_BODY = YES;
				CLANG_WARN_ENUM_CONVERSION = YES;
				CLANG_WARN_INFINITE_RECURSION = YES;
				CLANG_WARN_INT_CONVERSION = YES;
				CLANG_WARN_NON_LITERAL_NULL_CONVERSION = YES;
				CLANG_WARN_OBJC_IMPLICIT_RETAIN_SELF = YES;
				CLANG_WARN_OBJC_LITERAL_CONVERSION = YES;
				CLANG_WARN_OBJC_ROOT_CLASS = YES_ERROR;
				CLANG_WARN_RANGE_LOOP_ANALYSIS = YES;
				CLANG_WARN_STRICT_PROTOTYPES = YES;
				CLANG_WARN_SUSPICIOUS_MOVE = YES;
				CLANG_WARN_UNGUARDED_AVAILABILITY = YES_AGGRESSIVE;
				CLANG_WARN_UNREACHABLE_CODE = YES;
				CLANG_WARN__DUPLICATE_METHOD_MATCH = YES;
				COPY_PHASE_STRIP = NO;
				DEBUG_INFORMATION_FORMAT = dwarf;
				ENABLE_STRICT_OBJC_MSGSEND = YES;
				ENABLE_TESTABILITY = YES;
				GCC_C_LANGUAGE_STANDARD = gnu11;
				GCC_DYNAMIC_NO_PIC = NO;
				GCC_NO_COMMON_BLOCKS = YES;
				GCC_OPTIMIZATION_LEVEL = 0;
				GCC_PREPROCESSOR_DEFINITIONS = (
					"DEBUG=1",
					"$(inherited)",
				);
				GCC_WARN_64_TO_32_BIT_CONVERSION = YES;
				GCC_WARN_ABOUT_RETURN_TYPE = YES_ERROR;
				GCC_WARN_UNDECLARED_SELECTOR = YES;
				GCC_WARN_UNINITIALIZED_AUTOS = YES_AGGRESSIVE;
				GCC_WARN_UNUSED_FUNCTION = YES;
				GCC_WARN_UNUSED_VARIABLE = YES;
				IPHONEOS_DEPLOYMENT_TARGET = 13.2;
				MTL_ENABLE_DEBUG_INFO = INCLUDE_SOURCE;
				MTL_FAST_MATH = YES;
				ONLY_ACTIVE_ARCH = YES;
				SDKROOT = iphoneos;
				SWIFT_ACTIVE_COMPILATION_CONDITIONS = DEBUG;
				SWIFT_OPTIMIZATION_LEVEL = "-Onone";
			};
			name = Debug;
		};
		800021F3246946FD009EFBB5 /* Release */ = {
			isa = XCBuildConfiguration;
			buildSettings = {
				ALWAYS_SEARCH_USER_PATHS = NO;
				CLANG_ANALYZER_NONNULL = YES;
				CLANG_ANALYZER_NUMBER_OBJECT_CONVERSION = YES_AGGRESSIVE;
				CLANG_CXX_LANGUAGE_STANDARD = "gnu++14";
				CLANG_CXX_LIBRARY = "libc++";
				CLANG_ENABLE_MODULES = YES;
				CLANG_ENABLE_OBJC_ARC = YES;
				CLANG_ENABLE_OBJC_WEAK = YES;
				CLANG_WARN_BLOCK_CAPTURE_AUTORELEASING = YES;
				CLANG_WARN_BOOL_CONVERSION = YES;
				CLANG_WARN_COMMA = YES;
				CLANG_WARN_CONSTANT_CONVERSION = YES;
				CLANG_WARN_DEPRECATED_OBJC_IMPLEMENTATIONS = YES;
				CLANG_WARN_DIRECT_OBJC_ISA_USAGE = YES_ERROR;
				CLANG_WARN_DOCUMENTATION_COMMENTS = YES;
				CLANG_WARN_EMPTY_BODY = YES;
				CLANG_WARN_ENUM_CONVERSION = YES;
				CLANG_WARN_INFINITE_RECURSION = YES;
				CLANG_WARN_INT_CONVERSION = YES;
				CLANG_WARN_NON_LITERAL_NULL_CONVERSION = YES;
				CLANG_WARN_OBJC_IMPLICIT_RETAIN_SELF = YES;
				CLANG_WARN_OBJC_LITERAL_CONVERSION = YES;
				CLANG_WARN_OBJC_ROOT_CLASS = YES_ERROR;
				CLANG_WARN_RANGE_LOOP_ANALYSIS = YES;
				CLANG_WARN_STRICT_PROTOTYPES = YES;
				CLANG_WARN_SUSPICIOUS_MOVE = YES;
				CLANG_WARN_UNGUARDED_AVAILABILITY = YES_AGGRESSIVE;
				CLANG_WARN_UNREACHABLE_CODE = YES;
				CLANG_WARN__DUPLICATE_METHOD_MATCH = YES;
				COPY_PHASE_STRIP = NO;
				DEBUG_INFORMATION_FORMAT = "dwarf-with-dsym";
				ENABLE_NS_ASSERTIONS = NO;
				ENABLE_STRICT_OBJC_MSGSEND = YES;
				GCC_C_LANGUAGE_STANDARD = gnu11;
				GCC_NO_COMMON_BLOCKS = YES;
				GCC_WARN_64_TO_32_BIT_CONVERSION = YES;
				GCC_WARN_ABOUT_RETURN_TYPE = YES_ERROR;
				GCC_WARN_UNDECLARED_SELECTOR = YES;
				GCC_WARN_UNINITIALIZED_AUTOS = YES_AGGRESSIVE;
				GCC_WARN_UNUSED_FUNCTION = YES;
				GCC_WARN_UNUSED_VARIABLE = YES;
				IPHONEOS_DEPLOYMENT_TARGET = 13.2;
				MTL_ENABLE_DEBUG_INFO = NO;
				MTL_FAST_MATH = YES;
				SDKROOT = iphoneos;
				SWIFT_COMPILATION_MODE = wholemodule;
				SWIFT_OPTIMIZATION_LEVEL = "-O";
				VALIDATE_PRODUCT = YES;
			};
			name = Release;
		};
		800021F5246946FD009EFBB5 /* Debug */ = {
			isa = XCBuildConfiguration;
			buildSettings = {
				ASSETCATALOG_COMPILER_APPICON_NAME = AppIcon;
				CODE_SIGN_STYLE = Automatic;
				INFOPLIST_FILE = Telstra/Info.plist;
				LD_RUNPATH_SEARCH_PATHS = (
					"$(inherited)",
					"@executable_path/Frameworks",
				);
				PRODUCT_BUNDLE_IDENTIFIER = com.syed.Telstra;
				PRODUCT_NAME = "$(TARGET_NAME)";
				SWIFT_VERSION = 5.0;
				TARGETED_DEVICE_FAMILY = "1,2";
			};
			name = Debug;
		};
		800021F6246946FD009EFBB5 /* Release */ = {
			isa = XCBuildConfiguration;
			buildSettings = {
				ASSETCATALOG_COMPILER_APPICON_NAME = AppIcon;
				CODE_SIGN_STYLE = Automatic;
				INFOPLIST_FILE = Telstra/Info.plist;
				LD_RUNPATH_SEARCH_PATHS = (
					"$(inherited)",
					"@executable_path/Frameworks",
				);
				PRODUCT_BUNDLE_IDENTIFIER = com.syed.Telstra;
				PRODUCT_NAME = "$(TARGET_NAME)";
				SWIFT_VERSION = 5.0;
				TARGETED_DEVICE_FAMILY = "1,2";
			};
			name = Release;
		};
		800021F8246946FD009EFBB5 /* Debug */ = {
			isa = XCBuildConfiguration;
			buildSettings = {
				ALWAYS_EMBED_SWIFT_STANDARD_LIBRARIES = YES;
				BUNDLE_LOADER = "$(TEST_HOST)";
				CODE_SIGN_STYLE = Automatic;
				INFOPLIST_FILE = TelstraTests/Info.plist;
				IPHONEOS_DEPLOYMENT_TARGET = 13.2;
				LD_RUNPATH_SEARCH_PATHS = (
					"$(inherited)",
					"@executable_path/Frameworks",
					"@loader_path/Frameworks",
				);
				PRODUCT_BUNDLE_IDENTIFIER = com.syed.TelstraTests;
				PRODUCT_NAME = "$(TARGET_NAME)";
				SWIFT_VERSION = 5.0;
				TARGETED_DEVICE_FAMILY = "1,2";
				TEST_HOST = "$(BUILT_PRODUCTS_DIR)/Telstra.app/Telstra";
			};
			name = Debug;
		};
		800021F9246946FD009EFBB5 /* Release */ = {
			isa = XCBuildConfiguration;
			buildSettings = {
				ALWAYS_EMBED_SWIFT_STANDARD_LIBRARIES = YES;
				BUNDLE_LOADER = "$(TEST_HOST)";
				CODE_SIGN_STYLE = Automatic;
				INFOPLIST_FILE = TelstraTests/Info.plist;
				IPHONEOS_DEPLOYMENT_TARGET = 13.2;
				LD_RUNPATH_SEARCH_PATHS = (
					"$(inherited)",
					"@executable_path/Frameworks",
					"@loader_path/Frameworks",
				);
				PRODUCT_BUNDLE_IDENTIFIER = com.syed.TelstraTests;
				PRODUCT_NAME = "$(TARGET_NAME)";
				SWIFT_VERSION = 5.0;
				TARGETED_DEVICE_FAMILY = "1,2";
				TEST_HOST = "$(BUILT_PRODUCTS_DIR)/Telstra.app/Telstra";
			};
			name = Release;
		};
		800021FB246946FD009EFBB5 /* Debug */ = {
			isa = XCBuildConfiguration;
			buildSettings = {
				ALWAYS_EMBED_SWIFT_STANDARD_LIBRARIES = YES;
				CODE_SIGN_STYLE = Automatic;
				INFOPLIST_FILE = TelstraUITests/Info.plist;
				LD_RUNPATH_SEARCH_PATHS = (
					"$(inherited)",
					"@executable_path/Frameworks",
					"@loader_path/Frameworks",
				);
				PRODUCT_BUNDLE_IDENTIFIER = com.syed.TelstraUITests;
				PRODUCT_NAME = "$(TARGET_NAME)";
				SWIFT_VERSION = 5.0;
				TARGETED_DEVICE_FAMILY = "1,2";
				TEST_TARGET_NAME = Telstra;
			};
			name = Debug;
		};
		800021FC246946FD009EFBB5 /* Release */ = {
			isa = XCBuildConfiguration;
			buildSettings = {
				ALWAYS_EMBED_SWIFT_STANDARD_LIBRARIES = YES;
				CODE_SIGN_STYLE = Automatic;
				INFOPLIST_FILE = TelstraUITests/Info.plist;
				LD_RUNPATH_SEARCH_PATHS = (
					"$(inherited)",
					"@executable_path/Frameworks",
					"@loader_path/Frameworks",
				);
				PRODUCT_BUNDLE_IDENTIFIER = com.syed.TelstraUITests;
				PRODUCT_NAME = "$(TARGET_NAME)";
				SWIFT_VERSION = 5.0;
				TARGETED_DEVICE_FAMILY = "1,2";
				TEST_TARGET_NAME = Telstra;
			};
			name = Release;
		};
/* End XCBuildConfiguration section */

/* Begin XCConfigurationList section */
		800021C5246946F7009EFBB5 /* Build configuration list for PBXProject "Telstra" */ = {
			isa = XCConfigurationList;
			buildConfigurations = (
				800021F2246946FD009EFBB5 /* Debug */,
				800021F3246946FD009EFBB5 /* Release */,
			);
			defaultConfigurationIsVisible = 0;
			defaultConfigurationName = Release;
		};
		800021F4246946FD009EFBB5 /* Build configuration list for PBXNativeTarget "Telstra" */ = {
			isa = XCConfigurationList;
			buildConfigurations = (
				800021F5246946FD009EFBB5 /* Debug */,
				800021F6246946FD009EFBB5 /* Release */,
			);
			defaultConfigurationIsVisible = 0;
			defaultConfigurationName = Release;
		};
		800021F7246946FD009EFBB5 /* Build configuration list for PBXNativeTarget "TelstraTests" */ = {
			isa = XCConfigurationList;
			buildConfigurations = (
				800021F8246946FD009EFBB5 /* Debug */,
				800021F9246946FD009EFBB5 /* Release */,
			);
			defaultConfigurationIsVisible = 0;
			defaultConfigurationName = Release;
		};
		800021FA246946FD009EFBB5 /* Build configuration list for PBXNativeTarget "TelstraUITests" */ = {
			isa = XCConfigurationList;
			buildConfigurations = (
				800021FB246946FD009EFBB5 /* Debug */,
				800021FC246946FD009EFBB5 /* Release */,
			);
			defaultConfigurationIsVisible = 0;
			defaultConfigurationName = Release;
		};
/* End XCConfigurationList section */
	};
	rootObject = 800021C2246946F7009EFBB5 /* Project object */;
}
